
Microsoft Visual Studio Solution File, Format Version 12.00
# Visual Studio 15
VisualStudioVersion = 15.0.28307.1062
MinimumVisualStudioVersion = 10.0.40219.1
Project("{9A19103F-16F7-4668-BE54-9A1E7A4F7556}") = "Parralelism", "Parralelism\Parralelism.csproj", "{06B35BE8-B670-472A-97E4-262A8A5B61DB}"
EndProject
Project("{9A19103F-16F7-4668-BE54-9A1E7A4F7556}") = "Tasks", "Tasks\Tasks.csproj", "{FFEF8CC9-BBA0-4FC2-99DA-A483875C3544}"
EndProject
Project("{9A19103F-16F7-4668-BE54-9A1E7A4F7556}") = "Threads", "Threads\Threads.csproj", "{284FB59C-4487-408C-80F3-1E0CF2E84E6C}"
EndProject
Project("{9A19103F-16F7-4668-BE54-9A1E7A4F7556}") = "ConcurrentCollections", "AsyncAwait\ConcurrentCollections.csproj", "{763071F4-5E08-434A-96C3-B56B7DDA8E08}"
EndProject
Project("{9A19103F-16F7-4668-BE54-9A1E7A4F7556}") = "ManageMultiThreading", "ManageMultiThreading\ManageMultiThreading.csproj", "{C1E6819E-FF6A-44C2-9FEC-ADDDEF6537B3}"
EndProject
Project("{9A19103F-16F7-4668-BE54-9A1E7A4F7556}") = "Events", "Events\Events.csproj", "{7BFB4711-3408-4139-9E25-38F77489E5E1}"
EndProject
Project("{FAE04EC0-301F-11D3-BF4B-00C04F79EFBC}") = "ExceptionHandling", "ExceptionHandling\ExceptionHandling.csproj", "{4AE6DB1F-885E-478F-AD44-820BE7A01C27}"
EndProject
Global
	GlobalSection(SolutionConfigurationPlatforms) = preSolution
		Debug|Any CPU = Debug|Any CPU
		Release|Any CPU = Release|Any CPU
	EndGlobalSection
	GlobalSection(ProjectConfigurationPlatforms) = postSolution
		{06B35BE8-B670-472A-97E4-262A8A5B61DB}.Debug|Any CPU.ActiveCfg = Debug|Any CPU
		{06B35BE8-B670-472A-97E4-262A8A5B61DB}.Debug|Any CPU.Build.0 = Debug|Any CPU
		{06B35BE8-B670-472A-97E4-262A8A5B61DB}.Release|Any CPU.ActiveCfg = Release|Any CPU
		{06B35BE8-B670-472A-97E4-262A8A5B61DB}.Release|Any CPU.Build.0 = Release|Any CPU
		{FFEF8CC9-BBA0-4FC2-99DA-A483875C3544}.Debug|Any CPU.ActiveCfg = Debug|Any CPU
		{FFEF8CC9-BBA0-4FC2-99DA-A483875C3544}.Debug|Any CPU.Build.0 = Debug|Any CPU
		{FFEF8CC9-BBA0-4FC2-99DA-A483875C3544}.Release|Any CPU.ActiveCfg = Release|Any CPU
		{FFEF8CC9-BBA0-4FC2-99DA-A483875C3544}.Release|Any CPU.Build.0 = Release|Any CPU
		{284FB59C-4487-408C-80F3-1E0CF2E84E6C}.Debug|Any CPU.ActiveCfg = Debug|Any CPU
		{284FB59C-4487-408C-80F3-1E0CF2E84E6C}.Debug|Any CPU.Build.0 = Debug|Any CPU
		{284FB59C-4487-408C-80F3-1E0CF2E84E6C}.Release|Any CPU.ActiveCfg = Release|Any CPU
		{284FB59C-4487-408C-80F3-1E0CF2E84E6C}.Release|Any CPU.Build.0 = Release|Any CPU
		{763071F4-5E08-434A-96C3-B56B7DDA8E08}.Debug|Any CPU.ActiveCfg = Debug|Any CPU
		{763071F4-5E08-434A-96C3-B56B7DDA8E08}.Debug|Any CPU.Build.0 = Debug|Any CPU
		{763071F4-5E08-434A-96C3-B56B7DDA8E08}.Release|Any CPU.ActiveCfg = Release|Any CPU
		{763071F4-5E08-434A-96C3-B56B7DDA8E08}.Release|Any CPU.Build.0 = Release|Any CPU
		{C1E6819E-FF6A-44C2-9FEC-ADDDEF6537B3}.Debug|Any CPU.ActiveCfg = Debug|Any CPU
		{C1E6819E-FF6A-44C2-9FEC-ADDDEF6537B3}.Debug|Any CPU.Build.0 = Debug|Any CPU
		{C1E6819E-FF6A-44C2-9FEC-ADDDEF6537B3}.Release|Any CPU.ActiveCfg = Release|Any CPU
		{C1E6819E-FF6A-44C2-9FEC-ADDDEF6537B3}.Release|Any CPU.Build.0 = Release|Any CPU
		{7BFB4711-3408-4139-9E25-38F77489E5E1}.Debug|Any CPU.ActiveCfg = Debug|Any CPU
		{7BFB4711-3408-4139-9E25-38F77489E5E1}.Debug|Any CPU.Build.0 = Debug|Any CPU
		{7BFB4711-3408-4139-9E25-38F77489E5E1}.Release|Any CPU.ActiveCfg = Release|Any CPU
		{7BFB4711-3408-4139-9E25-38F77489E5E1}.Release|Any CPU.Build.0 = Release|Any CPU
		{4AE6DB1F-885E-478F-AD44-820BE7A01C27}.Debug|Any CPU.ActiveCfg = Debug|Any CPU
		{4AE6DB1F-885E-478F-AD44-820BE7A01C27}.Debug|Any CPU.Build.0 = Debug|Any CPU
		{4AE6DB1F-885E-478F-AD44-820BE7A01C27}.Release|Any CPU.ActiveCfg = Release|Any CPU
		{4AE6DB1F-885E-478F-AD44-820BE7A01C27}.Release|Any CPU.Build.0 = Release|Any CPU
	EndGlobalSection
	GlobalSection(SolutionProperties) = preSolution
		HideSolutionNode = FALSE
	EndGlobalSection
	GlobalSection(ExtensibilityGlobals) = postSolution
		SolutionGuid = {40BA03EE-667D-4333-9F73-0C3474120408}
	EndGlobalSection
EndGlobal
