
Microsoft Visual Studio Solution File, Format Version 12.00
# Visual Studio 15
VisualStudioVersion = 15.0.28307.1062
MinimumVisualStudioVersion = 10.0.40219.1
Project("{FAE04EC0-301F-11D3-BF4B-00C04F79EFBC}") = "Parralelism", "Parralelism\Parralelism.csproj", "{06B35BE8-B670-472A-97E4-262A8A5B61DB}"
EndProject
Global
	GlobalSection(SolutionConfigurationPlatforms) = preSolution
		Debug|Any CPU = Debug|Any CPU
		Release|Any CPU = Release|Any CPU
	EndGlobalSection
	GlobalSection(ProjectConfigurationPlatforms) = postSolution
		{06B35BE8-B670-472A-97E4-262A8A5B61DB}.Debug|Any CPU.ActiveCfg = Debug|Any CPU
		{06B35BE8-B670-472A-97E4-262A8A5B61DB}.Debug|Any CPU.Build.0 = Debug|Any CPU
		{06B35BE8-B670-472A-97E4-262A8A5B61DB}.Release|Any CPU.ActiveCfg = Release|Any CPU
		{06B35BE8-B670-472A-97E4-262A8A5B61DB}.Release|Any CPU.Build.0 = Release|Any CPU
	EndGlobalSection
	GlobalSection(SolutionProperties) = preSolution
		HideSolutionNode = FALSE
	EndGlobalSection
	GlobalSection(ExtensibilityGlobals) = postSolution
		SolutionGuid = {40BA03EE-667D-4333-9F73-0C3474120408}
	EndGlobalSection
EndGlobal
